
Microsoft Visual Studio Solution File, Format Version 12.00
# Visual Studio Version 17
VisualStudioVersion = 17.9.34622.214
MinimumVisualStudioVersion = 10.0.40219.1
Project("{FAE04EC0-301F-11D3-BF4B-00C04F79EFBC}") = "HospitalApp", "HospitalApp.csproj", "{93024299-C516-4913-8197-A167C4DCAF94}"
EndProject
Global
	GlobalSection(SolutionConfigurationPlatforms) = preSolution
		Debug|Any CPU = Debug|Any CPU
		Release|Any CPU = Release|Any CPU
	EndGlobalSection
	GlobalSection(ProjectConfigurationPlatforms) = postSolution
		{93024299-C516-4913-8197-A167C4DCAF94}.Debug|Any CPU.ActiveCfg = Debug|Any CPU
		{93024299-C516-4913-8197-A167C4DCAF94}.Debug|Any CPU.Build.0 = Debug|Any CPU
		{93024299-C516-4913-8197-A167C4DCAF94}.Release|Any CPU.ActiveCfg = Release|Any CPU
		{93024299-C516-4913-8197-A167C4DCAF94}.Release|Any CPU.Build.0 = Release|Any CPU
	EndGlobalSection
	GlobalSection(SolutionProperties) = preSolution
		HideSolutionNode = FALSE
	EndGlobalSection
	GlobalSection(ExtensibilityGlobals) = postSolution
		SolutionGuid = {1965D3A2-9BB5-4460-870F-7B6032C7327C}
	EndGlobalSection
EndGlobal
